
Microsoft Visual Studio Solution File, Format Version 15.00
# Visual Studio 2017
Project("{FAE04EC0-301F-11D3-BF4B-00C04F79EFBC}") = "ZenLeapApi", "ZenLeapApi.csproj", "{AC40A070-7201-45DC-98AC-E423E9FF8B23}"
EndProject
Global
	GlobalSection(SolutionConfigurationPlatforms) = preSolution
		Debug|Any CPU = Debug|Any CPU
		Release|Any CPU = Release|Any CPU
	EndGlobalSection
	GlobalSection(ProjectConfigurationPlatforms) = postSolution
		{AC40A070-7201-45DC-98AC-E423E9FF8B23}.Debug|Any CPU.ActiveCfg = Debug|Any CPU
		{AC40A070-7201-45DC-98AC-E423E9FF8B23}.Debug|Any CPU.Build.0 = Debug|Any CPU
		{AC40A070-7201-45DC-98AC-E423E9FF8B23}.Release|Any CPU.ActiveCfg = Release|Any CPU
		{AC40A070-7201-45DC-98AC-E423E9FF8B23}.Release|Any CPU.Build.0 = Release|Any CPU
	EndGlobalSection
EndGlobal
